// !$*UTF8*$!
{
	archiveVersion = 1;
	classes = {
	};
	objectVersion = 46;
	objects = {

/* Begin PBXBuildFile section */
		BD8B70D01B0C9F7600DA6D17 /* main.m in Sources */ = {isa = PBXBuildFile; fileRef = BD8B70CF1B0C9F7600DA6D17 /* main.m */; };
		BD8B70D31B0C9F7600DA6D17 /* AppDelegate.m in Sources */ = {isa = PBXBuildFile; fileRef = BD8B70D21B0C9F7600DA6D17 /* AppDelegate.m */; };
		BD8B70D61B0C9F7600DA6D17 /* ViewController.m in Sources */ = {isa = PBXBuildFile; fileRef = BD8B70D51B0C9F7600DA6D17 /* ViewController.m */; };
		BD8B70D91B0C9F7600DA6D17 /* Main.storyboard in Resources */ = {isa = PBXBuildFile; fileRef = BD8B70D71B0C9F7600DA6D17 /* Main.storyboard */; };
		BD8B70DB1B0C9F7600DA6D17 /* Images.xcassets in Resources */ = {isa = PBXBuildFile; fileRef = BD8B70DA1B0C9F7600DA6D17 /* Images.xcassets */; };
		BD8B70DE1B0C9F7600DA6D17 /* LaunchScreen.xib in Resources */ = {isa = PBXBuildFile; fileRef = BD8B70DC1B0C9F7600DA6D17 /* LaunchScreen.xib */; };
		BD8B70EA1B0C9F7600DA6D17 /* _Tests.m in Sources */ = {isa = PBXBuildFile; fileRef = BD8B70E91B0C9F7600DA6D17 /* _Tests.m */; };
/* End PBXBuildFile section */

/* Begin PBXContainerItemProxy section */
		BD8B70E41B0C9F7600DA6D17 /* PBXContainerItemProxy */ = {
			isa = PBXContainerItemProxy;
			containerPortal = BD8B70C21B0C9F7600DA6D17 /* Project object */;
			proxyType = 1;
			remoteGlobalIDString = BD8B70C91B0C9F7600DA6D17;
			remoteInfo = 2;
		};
/* End PBXContainerItemProxy section */

/* Begin PBXFileReference section */
		BD8B70CA1B0C9F7600DA6D17 /* 2.app */ = {isa = PBXFileReference; explicitFileType = wrapper.application; includeInIndex = 0; path = 2.app; sourceTree = BUILT_PRODUCTS_DIR; };
		BD8B70CE1B0C9F7600DA6D17 /* Info.plist */ = {isa = PBXFileReference; lastKnownFileType = text.plist.xml; path = Info.plist; sourceTree = "<group>"; };
		BD8B70CF1B0C9F7600DA6D17 /* main.m */ = {isa = PBXFileReference; lastKnownFileType = sourcecode.c.objc; path = main.m; sourceTree = "<group>"; };
		BD8B70D11B0C9F7600DA6D17 /* AppDelegate.h */ = {isa = PBXFileReference; lastKnownFileType = sourcecode.c.h; path = AppDelegate.h; sourceTree = "<group>"; };
		BD8B70D21B0C9F7600DA6D17 /* AppDelegate.m */ = {isa = PBXFileReference; lastKnownFileType = sourcecode.c.objc; path = AppDelegate.m; sourceTree = "<group>"; };
		BD8B70D41B0C9F7600DA6D17 /* ViewController.h */ = {isa = PBXFileReference; lastKnownFileType = sourcecode.c.h; path = ViewController.h; sourceTree = "<group>"; };
		BD8B70D51B0C9F7600DA6D17 /* ViewController.m */ = {isa = PBXFileReference; lastKnownFileType = sourcecode.c.objc; path = ViewController.m; sourceTree = "<group>"; };
		BD8B70D81B0C9F7600DA6D17 /* Base */ = {isa = PBXFileReference; lastKnownFileType = file.storyboard; name = Base; path = Base.lproj/Main.storyboard; sourceTree = "<group>"; };
		BD8B70DA1B0C9F7600DA6D17 /* Images.xcassets */ = {isa = PBXFileReference; lastKnownFileType = folder.assetcatalog; path = Images.xcassets; sourceTree = "<group>"; };
		BD8B70DD1B0C9F7600DA6D17 /* Base */ = {isa = PBXFileReference; lastKnownFileType = file.xib; name = Base; path = Base.lproj/LaunchScreen.xib; sourceTree = "<group>"; };
		BD8B70E31B0C9F7600DA6D17 /* 2Tests.xctest */ = {isa = PBXFileReference; explicitFileType = wrapper.cfbundle; includeInIndex = 0; path = 2Tests.xctest; sourceTree = BUILT_PRODUCTS_DIR; };
		BD8B70E81B0C9F7600DA6D17 /* Info.plist */ = {isa = PBXFileReference; lastKnownFileType = text.plist.xml; path = Info.plist; sourceTree = "<group>"; };
		BD8B70E91B0C9F7600DA6D17 /* _Tests.m */ = {isa = PBXFileReference; lastKnownFileType = sourcecode.c.objc; path = _Tests.m; sourceTree = "<group>"; };
/* End PBXFileReference section */

/* Begin PBXFrameworksBuildPhase section */
		BD8B70C71B0C9F7600DA6D17 /* Frameworks */ = {
			isa = PBXFrameworksBuildPhase;
			buildActionMask = 2147483647;
			files = (
			);
			runOnlyForDeploymentPostprocessing = 0;
		};
		BD8B70E01B0C9F7600DA6D17 /* Frameworks */ = {
			isa = PBXFrameworksBuildPhase;
			buildActionMask = 2147483647;
			files = (
			);
			runOnlyForDeploymentPostprocessing = 0;
		};
/* End PBXFrameworksBuildPhase section */

/* Begin PBXGroup section */
		BD8B70C11B0C9F7600DA6D17 = {
			isa = PBXGroup;
			children = (
				BD8B70CC1B0C9F7600DA6D17 /* 2 */,
				BD8B70E61B0C9F7600DA6D17 /* 2Tests */,
				BD8B70CB1B0C9F7600DA6D17 /* Products */,
			);
			sourceTree = "<group>";
		};
		BD8B70CB1B0C9F7600DA6D17 /* Products */ = {
			isa = PBXGroup;
			children = (
				BD8B70CA1B0C9F7600DA6D17 /* 2.app */,
				BD8B70E31B0C9F7600DA6D17 /* 2Tests.xctest */,
			);
			name = Products;
			sourceTree = "<group>";
		};
		BD8B70CC1B0C9F7600DA6D17 /* 2 */ = {
			isa = PBXGroup;
			children = (
				BD8B70D11B0C9F7600DA6D17 /* AppDelegate.h */,
				BD8B70D21B0C9F7600DA6D17 /* AppDelegate.m */,
				BD8B70D41B0C9F7600DA6D17 /* ViewController.h */,
				BD8B70D51B0C9F7600DA6D17 /* ViewController.m */,
				BD8B70D71B0C9F7600DA6D17 /* Main.storyboard */,
				BD8B70DA1B0C9F7600DA6D17 /* Images.xcassets */,
				BD8B70DC1B0C9F7600DA6D17 /* LaunchScreen.xib */,
				BD8B70CD1B0C9F7600DA6D17 /* Supporting Files */,
			);
			path = 2;
			sourceTree = "<group>";
		};
		BD8B70CD1B0C9F7600DA6D17 /* Supporting Files */ = {
			isa = PBXGroup;
			children = (
				BD8B70CE1B0C9F7600DA6D17 /* Info.plist */,
				BD8B70CF1B0C9F7600DA6D17 /* main.m */,
			);
			name = "Supporting Files";
			sourceTree = "<group>";
		};
		BD8B70E61B0C9F7600DA6D17 /* 2Tests */ = {
			isa = PBXGroup;
			children = (
				BD8B70E91B0C9F7600DA6D17 /* _Tests.m */,
				BD8B70E71B0C9F7600DA6D17 /* Supporting Files */,
			);
			path = 2Tests;
			sourceTree = "<group>";
		};
		BD8B70E71B0C9F7600DA6D17 /* Supporting Files */ = {
			isa = PBXGroup;
			children = (
				BD8B70E81B0C9F7600DA6D17 /* Info.plist */,
			);
			name = "Supporting Files";
			sourceTree = "<group>";
		};
/* End PBXGroup section */

/* Begin PBXNativeTarget section */
		BD8B70C91B0C9F7600DA6D17 /* 2 */ = {
			isa = PBXNativeTarget;
			buildConfigurationList = BD8B70ED1B0C9F7600DA6D17 /* Build configuration list for PBXNativeTarget "2" */;
			buildPhases = (
				BD8B70C61B0C9F7600DA6D17 /* Sources */,
				BD8B70C71B0C9F7600DA6D17 /* Frameworks */,
				BD8B70C81B0C9F7600DA6D17 /* Resources */,
			);
			buildRules = (
			);
			dependencies = (
			);
			name = 2;
			productName = 2;
			productReference = BD8B70CA1B0C9F7600DA6D17 /* 2.app */;
			productType = "com.apple.product-type.application";
		};
		BD8B70E21B0C9F7600DA6D17 /* 2Tests */ = {
			isa = PBXNativeTarget;
			buildConfigurationList = BD8B70F01B0C9F7600DA6D17 /* Build configuration list for PBXNativeTarget "2Tests" */;
			buildPhases = (
				BD8B70DF1B0C9F7600DA6D17 /* Sources */,
				BD8B70E01B0C9F7600DA6D17 /* Frameworks */,
				BD8B70E11B0C9F7600DA6D17 /* Resources */,
			);
			buildRules = (
			);
			dependencies = (
				BD8B70E51B0C9F7600DA6D17 /* PBXTargetDependency */,
			);
			name = 2Tests;
			productName = 2Tests;
			productReference = BD8B70E31B0C9F7600DA6D17 /* 2Tests.xctest */;
			productType = "com.apple.product-type.bundle.unit-test";
		};
/* End PBXNativeTarget section */

/* Begin PBXProject section */
		BD8B70C21B0C9F7600DA6D17 /* Project object */ = {
			isa = PBXProject;
			attributes = {
				LastUpgradeCheck = 0630;
				ORGANIZATIONNAME = "Rawal Khirodkar";
				TargetAttributes = {
					BD8B70C91B0C9F7600DA6D17 = {
						CreatedOnToolsVersion = 6.3.2;
					};
					BD8B70E21B0C9F7600DA6D17 = {
						CreatedOnToolsVersion = 6.3.2;
						TestTargetID = BD8B70C91B0C9F7600DA6D17;
					};
				};
			};
			buildConfigurationList = BD8B70C51B0C9F7600DA6D17 /* Build configuration list for PBXProject "2" */;
			compatibilityVersion = "Xcode 3.2";
			developmentRegion = English;
			hasScannedForEncodings = 0;
			knownRegions = (
				en,
				Base,
			);
			mainGroup = BD8B70C11B0C9F7600DA6D17;
			productRefGroup = BD8B70CB1B0C9F7600DA6D17 /* Products */;
			projectDirPath = "";
			projectRoot = "";
			targets = (
				BD8B70C91B0C9F7600DA6D17 /* 2 */,
				BD8B70E21B0C9F7600DA6D17 /* 2Tests */,
			);
		};
/* End PBXProject section */

/* Begin PBXResourcesBuildPhase section */
		BD8B70C81B0C9F7600DA6D17 /* Resources */ = {
			isa = PBXResourcesBuildPhase;
			buildActionMask = 2147483647;
			files = (
				BD8B70D91B0C9F7600DA6D17 /* Main.storyboard in Resources */,
				BD8B70DE1B0C9F7600DA6D17 /* LaunchScreen.xib in Resources */,
				BD8B70DB1B0C9F7600DA6D17 /* Images.xcassets in Resources */,
			);
			runOnlyForDeploymentPostprocessing = 0;
		};
		BD8B70E11B0C9F7600DA6D17 /* Resources */ = {
			isa = PBXResourcesBuildPhase;
			buildActionMask = 2147483647;
			files = (
			);
			runOnlyForDeploymentPostprocessing = 0;
		};
/* End PBXResourcesBuildPhase section */

/* Begin PBXSourcesBuildPhase section */
		BD8B70C61B0C9F7600DA6D17 /* Sources */ = {
			isa = PBXSourcesBuildPhase;
			buildActionMask = 2147483647;
			files = (
				BD8B70D61B0C9F7600DA6D17 /* ViewController.m in Sources */,
				BD8B70D31B0C9F7600DA6D17 /* AppDelegate.m in Sources */,
				BD8B70D01B0C9F7600DA6D17 /* main.m in Sources */,
			);
			runOnlyForDeploymentPostprocessing = 0;
		};
		BD8B70DF1B0C9F7600DA6D17 /* Sources */ = {
			isa = PBXSourcesBuildPhase;
			buildActionMask = 2147483647;
			files = (
				BD8B70EA1B0C9F7600DA6D17 /* _Tests.m in Sources */,
			);
			runOnlyForDeploymentPostprocessing = 0;
		};
/* End PBXSourcesBuildPhase section */

/* Begin PBXTargetDependency section */
		BD8B70E51B0C9F7600DA6D17 /* PBXTargetDependency */ = {
			isa = PBXTargetDependency;
			target = BD8B70C91B0C9F7600DA6D17 /* 2 */;
			targetProxy = BD8B70E41B0C9F7600DA6D17 /* PBXContainerItemProxy */;
		};
/* End PBXTargetDependency section */

/* Begin PBXVariantGroup section */
		BD8B70D71B0C9F7600DA6D17 /* Main.storyboard */ = {
			isa = PBXVariantGroup;
			children = (
				BD8B70D81B0C9F7600DA6D17 /* Base */,
			);
			name = Main.storyboard;
			sourceTree = "<group>";
		};
		BD8B70DC1B0C9F7600DA6D17 /* LaunchScreen.xib */ = {
			isa = PBXVariantGroup;
			children = (
				BD8B70DD1B0C9F7600DA6D17 /* Base */,
			);
			name = LaunchScreen.xib;
			sourceTree = "<group>";
		};
/* End PBXVariantGroup section */

/* Begin XCBuildConfiguration section */
		BD8B70EB1B0C9F7600DA6D17 /* Debug */ = {
			isa = XCBuildConfiguration;
			buildSettings = {
				ALWAYS_SEARCH_USER_PATHS = NO;
				CLANG_CXX_LANGUAGE_STANDARD = "gnu++0x";
				CLANG_CXX_LIBRARY = "libc++";
				CLANG_ENABLE_MODULES = YES;
				CLANG_ENABLE_OBJC_ARC = YES;
				CLANG_WARN_BOOL_CONVERSION = YES;
				CLANG_WARN_CONSTANT_CONVERSION = YES;
				CLANG_WARN_DIRECT_OBJC_ISA_USAGE = YES_ERROR;
				CLANG_WARN_EMPTY_BODY = YES;
				CLANG_WARN_ENUM_CONVERSION = YES;
				CLANG_WARN_INT_CONVERSION = YES;
				CLANG_WARN_OBJC_ROOT_CLASS = YES_ERROR;
				CLANG_WARN_UNREACHABLE_CODE = YES;
				CLANG_WARN__DUPLICATE_METHOD_MATCH = YES;
				"CODE_SIGN_IDENTITY[sdk=iphoneos*]" = "iPhone Developer";
				COPY_PHASE_STRIP = NO;
				DEBUG_INFORMATION_FORMAT = "dwarf-with-dsym";
				ENABLE_STRICT_OBJC_MSGSEND = YES;
				GCC_C_LANGUAGE_STANDARD = gnu99;
				GCC_DYNAMIC_NO_PIC = NO;
				GCC_NO_COMMON_BLOCKS = YES;
				GCC_OPTIMIZATION_LEVEL = 0;
				GCC_PREPROCESSOR_DEFINITIONS = (
					"DEBUG=1",
					"$(inherited)",
				);
				GCC_SYMBOLS_PRIVATE_EXTERN = NO;
				GCC_WARN_64_TO_32_BIT_CONVERSION = YES;
				GCC_WARN_ABOUT_RETURN_TYPE = YES_ERROR;
				GCC_WARN_UNDECLARED_SELECTOR = YES;
				GCC_WARN_UNINITIALIZED_AUTOS = YES_AGGRESSIVE;
				GCC_WARN_UNUSED_FUNCTION = YES;
				GCC_WARN_UNUSED_VARIABLE = YES;
				IPHONEOS_DEPLOYMENT_TARGET = 8.3;
				MTL_ENABLE_DEBUG_INFO = YES;
				ONLY_ACTIVE_ARCH = YES;
				SDKROOT = iphoneos;
				TARGETED_DEVICE_FAMILY = "1,2";
			};
			name = Debug;
		};
		BD8B70EC1B0C9F7600DA6D17 /* Release */ = {
			isa = XCBuildConfiguration;
			buildSettings = {
				ALWAYS_SEARCH_USER_PATHS = NO;
				CLANG_CXX_LANGUAGE_STANDARD = "gnu++0x";
				CLANG_CXX_LIBRARY = "libc++";
				CLANG_ENABLE_MODULES = YES;
				CLANG_ENABLE_OBJC_ARC = YES;
				CLANG_WARN_BOOL_CONVERSION = YES;
				CLANG_WARN_CONSTANT_CONVERSION = YES;
				CLANG_WARN_DIRECT_OBJC_ISA_USAGE = YES_ERROR;
				CLANG_WARN_EMPTY_BODY = YES;
				CLANG_WARN_ENUM_CONVERSION = YES;
				CLANG_WARN_INT_CONVERSION = YES;
				CLANG_WARN_OBJC_ROOT_CLASS = YES_ERROR;
				CLANG_WARN_UNREACHABLE_CODE = YES;
				CLANG_WARN__DUPLICATE_METHOD_MATCH = YES;
				"CODE_SIGN_IDENTITY[sdk=iphoneos*]" = "iPhone Developer";
				COPY_PHASE_STRIP = NO;
				DEBUG_INFORMATION_FORMAT = "dwarf-with-dsym";
				ENABLE_NS_ASSERTIONS = NO;
				ENABLE_STRICT_OBJC_MSGSEND = YES;
				GCC_C_LANGUAGE_STANDARD = gnu99;
				GCC_NO_COMMON_BLOCKS = YES;
				GCC_WARN_64_TO_32_BIT_CONVERSION = YES;
				GCC_WARN_ABOUT_RETURN_TYPE = YES_ERROR;
				GCC_WARN_UNDECLARED_SELECTOR = YES;
				GCC_WARN_UNINITIALIZED_AUTOS = YES_AGGRESSIVE;
				GCC_WARN_UNUSED_FUNCTION = YES;
				GCC_WARN_UNUSED_VARIABLE = YES;
				IPHONEOS_DEPLOYMENT_TARGET = 8.3;
				MTL_ENABLE_DEBUG_INFO = NO;
				SDKROOT = iphoneos;
				TARGETED_DEVICE_FAMILY = "1,2";
				VALIDATE_PRODUCT = YES;
			};
			name = Release;
		};
		BD8B70EE1B0C9F7600DA6D17 /* Debug */ = {
			isa = XCBuildConfiguration;
			buildSettings = {
				ASSETCATALOG_COMPILER_APPICON_NAME = AppIcon;
				INFOPLIST_FILE = 2/Info.plist;
				LD_RUNPATH_SEARCH_PATHS = "$(inherited) @executable_path/Frameworks";
				PRODUCT_NAME = "$(TARGET_NAME)";
			};
			name = Debug;
		};
		BD8B70EF1B0C9F7600DA6D17 /* Release */ = {
			isa = XCBuildConfiguration;
			buildSettings = {
				ASSETCATALOG_COMPILER_APPICON_NAME = AppIcon;
				INFOPLIST_FILE = 2/Info.plist;
				LD_RUNPATH_SEARCH_PATHS = "$(inherited) @executable_path/Frameworks";
				PRODUCT_NAME = "$(TARGET_NAME)";
			};
			name = Release;
		};
		BD8B70F11B0C9F7600DA6D17 /* Debug */ = {
			isa = XCBuildConfiguration;
			buildSettings = {
				BUNDLE_LOADER = "$(TEST_HOST)";
				FRAMEWORK_SEARCH_PATHS = (
					"$(SDKROOT)/Developer/Library/Frameworks",
					"$(inherited)",
				);
				GCC_PREPROCESSOR_DEFINITIONS = (
					"DEBUG=1",
					"$(inherited)",
				);
				INFOPLIST_FILE = 2Tests/Info.plist;
				LD_RUNPATH_SEARCH_PATHS = "$(inherited) @executable_path/Frameworks @loader_path/Frameworks";
				PRODUCT_NAME = "$(TARGET_NAME)";
				TEST_HOST = "$(BUILT_PRODUCTS_DIR)/2.app/2";
			};
			name = Debug;
		};
		BD8B70F21B0C9F7600DA6D17 /* Release */ = {
			isa = XCBuildConfiguration;
			buildSettings = {
				BUNDLE_LOADER = "$(TEST_HOST)";
				FRAMEWORK_SEARCH_PATHS = (
					"$(SDKROOT)/Developer/Library/Frameworks",
					"$(inherited)",
				);
				INFOPLIST_FILE = 2Tests/Info.plist;
				LD_RUNPATH_SEARCH_PATHS = "$(inherited) @executable_path/Frameworks @loader_path/Frameworks";
				PRODUCT_NAME = "$(TARGET_NAME)";
				TEST_HOST = "$(BUILT_PRODUCTS_DIR)/2.app/2";
			};
			name = Release;
		};
/* End XCBuildConfiguration section */

/* Begin XCConfigurationList section */
		BD8B70C51B0C9F7600DA6D17 /* Build configuration list for PBXProject "2" */ = {
			isa = XCConfigurationList;
			buildConfigurations = (
				BD8B70EB1B0C9F7600DA6D17 /* Debug */,
				BD8B70EC1B0C9F7600DA6D17 /* Release */,
			);
			defaultConfigurationIsVisible = 0;
			defaultConfigurationName = Release;
		};
		BD8B70ED1B0C9F7600DA6D17 /* Build configuration list for PBXNativeTarget "2" */ = {
			isa = XCConfigurationList;
			buildConfigurations = (
				BD8B70EE1B0C9F7600DA6D17 /* Debug */,
				BD8B70EF1B0C9F7600DA6D17 /* Release */,
			);
			defaultConfigurationIsVisible = 0;
		};
		BD8B70F01B0C9F7600DA6D17 /* Build configuration list for PBXNativeTarget "2Tests" */ = {
			isa = XCConfigurationList;
			buildConfigurations = (
				BD8B70F11B0C9F7600DA6D17 /* Debug */,
				BD8B70F21B0C9F7600DA6D17 /* Release */,
			);
			defaultConfigurationIsVisible = 0;
		};
/* End XCConfigurationList section */
	};
	rootObject = BD8B70C21B0C9F7600DA6D17 /* Project object */;
}
